
Microsoft Visual Studio Solution File, Format Version 12.00
# Visual Studio Version 17
VisualStudioVersion = 17.13.35931.197 d17.13
MinimumVisualStudioVersion = 10.0.40219.1
Project("{FAE04EC0-301F-11D3-BF4B-00C04F79EFBC}") = "LibraCloud", "LibraCloud\LibraCloud.csproj", "{4D5D15AA-9D18-42F7-A7B2-75136D1CF844}"
EndProject
Global
	GlobalSection(SolutionConfigurationPlatforms) = preSolution
		Debug|Any CPU = Debug|Any CPU
		Release|Any CPU = Release|Any CPU
	EndGlobalSection
	GlobalSection(ProjectConfigurationPlatforms) = postSolution
		{4D5D15AA-9D18-42F7-A7B2-75136D1CF844}.Debug|Any CPU.ActiveCfg = Debug|Any CPU
		{4D5D15AA-9D18-42F7-A7B2-75136D1CF844}.Debug|Any CPU.Build.0 = Debug|Any CPU
		{4D5D15AA-9D18-42F7-A7B2-75136D1CF844}.Release|Any CPU.ActiveCfg = Release|Any CPU
		{4D5D15AA-9D18-42F7-A7B2-75136D1CF844}.Release|Any CPU.Build.0 = Release|Any CPU
	EndGlobalSection
	GlobalSection(SolutionProperties) = preSolution
		HideSolutionNode = FALSE
	EndGlobalSection
	GlobalSection(ExtensibilityGlobals) = postSolution
		SolutionGuid = {ECE6B54E-9FA5-46C9-9A0A-DB5FA0A970BC}
	EndGlobalSection
EndGlobal
